
Microsoft Visual Studio Solution File, Format Version 12.00
# Visual Studio Version 17
VisualStudioVersion = 17.3.32929.385
MinimumVisualStudioVersion = 10.0.40219.1
Project("{FAE04EC0-301F-11D3-BF4B-00C04F79EFBC}") = "ProblemarioMatematicas", "ProblemarioMatematicas.csproj", "{22DB2ADD-9BDC-4C23-AB86-D9174F20BD37}"
EndProject
Global
	GlobalSection(SolutionConfigurationPlatforms) = preSolution
		Debug|Any CPU = Debug|Any CPU
		Release|Any CPU = Release|Any CPU
	EndGlobalSection
	GlobalSection(ProjectConfigurationPlatforms) = postSolution
		{22DB2ADD-9BDC-4C23-AB86-D9174F20BD37}.Debug|Any CPU.ActiveCfg = Debug|Any CPU
		{22DB2ADD-9BDC-4C23-AB86-D9174F20BD37}.Debug|Any CPU.Build.0 = Debug|Any CPU
		{22DB2ADD-9BDC-4C23-AB86-D9174F20BD37}.Release|Any CPU.ActiveCfg = Release|Any CPU
		{22DB2ADD-9BDC-4C23-AB86-D9174F20BD37}.Release|Any CPU.Build.0 = Release|Any CPU
	EndGlobalSection
	GlobalSection(SolutionProperties) = preSolution
		HideSolutionNode = FALSE
	EndGlobalSection
	GlobalSection(ExtensibilityGlobals) = postSolution
		SolutionGuid = {3E0B9D8B-3447-47B2-98FA-C52B6071A558}
	EndGlobalSection
EndGlobal
